
Microsoft Visual Studio Solution File, Format Version 12.00
# Visual Studio Version 16
VisualStudioVersion = 16.0.29728.190
MinimumVisualStudioVersion = 10.0.40219.1
Project("{FAE04EC0-301F-11D3-BF4B-00C04F79EFBC}") = "Lab05_3", "Lab05_3\Lab05_3.csproj", "{71417918-E4FD-415A-8046-3414E975F7E9}"
EndProject
Project("{FAE04EC0-301F-11D3-BF4B-00C04F79EFBC}") = "UnitTestProject1", "UnitTestProject1\UnitTestProject1.csproj", "{3EA11F24-E361-4D84-A195-34D7BC3EE1EA}"
EndProject
Global
	GlobalSection(SolutionConfigurationPlatforms) = preSolution
		Debug|Any CPU = Debug|Any CPU
		Release|Any CPU = Release|Any CPU
	EndGlobalSection
	GlobalSection(ProjectConfigurationPlatforms) = postSolution
		{71417918-E4FD-415A-8046-3414E975F7E9}.Debug|Any CPU.ActiveCfg = Debug|Any CPU
		{71417918-E4FD-415A-8046-3414E975F7E9}.Debug|Any CPU.Build.0 = Debug|Any CPU
		{71417918-E4FD-415A-8046-3414E975F7E9}.Release|Any CPU.ActiveCfg = Release|Any CPU
		{71417918-E4FD-415A-8046-3414E975F7E9}.Release|Any CPU.Build.0 = Release|Any CPU
		{3EA11F24-E361-4D84-A195-34D7BC3EE1EA}.Debug|Any CPU.ActiveCfg = Debug|Any CPU
		{3EA11F24-E361-4D84-A195-34D7BC3EE1EA}.Debug|Any CPU.Build.0 = Debug|Any CPU
		{3EA11F24-E361-4D84-A195-34D7BC3EE1EA}.Release|Any CPU.ActiveCfg = Release|Any CPU
		{3EA11F24-E361-4D84-A195-34D7BC3EE1EA}.Release|Any CPU.Build.0 = Release|Any CPU
	EndGlobalSection
	GlobalSection(SolutionProperties) = preSolution
		HideSolutionNode = FALSE
	EndGlobalSection
	GlobalSection(ExtensibilityGlobals) = postSolution
		SolutionGuid = {FAC750E0-908A-41A1-B06D-7CB82672F535}
	EndGlobalSection
EndGlobal
