
Microsoft Visual Studio Solution File, Format Version 12.00
# Visual Studio Version 16
VisualStudioVersion = 16.0.29728.190
MinimumVisualStudioVersion = 10.0.40219.1
Project("{FAE04EC0-301F-11D3-BF4B-00C04F79EFBC}") = "Lab05_2", "Lab05_2\Lab05_2.csproj", "{66FD9659-CD54-401E-ABFC-60315605D7B7}"
EndProject
Global
	GlobalSection(SolutionConfigurationPlatforms) = preSolution
		Debug|Any CPU = Debug|Any CPU
		Release|Any CPU = Release|Any CPU
	EndGlobalSection
	GlobalSection(ProjectConfigurationPlatforms) = postSolution
		{66FD9659-CD54-401E-ABFC-60315605D7B7}.Debug|Any CPU.ActiveCfg = Debug|Any CPU
		{66FD9659-CD54-401E-ABFC-60315605D7B7}.Debug|Any CPU.Build.0 = Debug|Any CPU
		{66FD9659-CD54-401E-ABFC-60315605D7B7}.Release|Any CPU.ActiveCfg = Release|Any CPU
		{66FD9659-CD54-401E-ABFC-60315605D7B7}.Release|Any CPU.Build.0 = Release|Any CPU
	EndGlobalSection
	GlobalSection(SolutionProperties) = preSolution
		HideSolutionNode = FALSE
	EndGlobalSection
	GlobalSection(ExtensibilityGlobals) = postSolution
		SolutionGuid = {E5BB50E1-6269-474B-A718-AE26E648755B}
	EndGlobalSection
EndGlobal
